#MicroXplorer Configuration settings - do not modify
Mcu.Family=STM32L4
RCC.MSI_VALUE=4000000
ProjectManager.MainLocation=Core/Src
PA14\ (JTCK-SWCLK).Mode=Trace_Asynchronous_SW
RCC.PLLQoutputFreq_Value=16000000
ProjectManager.ProjectFileName=RTOS V2 Task2.ioc
VP_SYS_VS_tim6.Mode=TIM6
RCC.SAI1Freq_Value=4571428.571428572
FREERTOS.Tasks01=Task1c,24,128,StartTask1,Default,NULL,Dynamic,NULL,NULL;Task2,24,128,StartTask2,Default,NULL,Dynamic,NULL,NULL
ProjectManager.KeepUserCode=true
Mcu.UserName=STM32L476RGTx
Mcu.PinsNb=5
ProjectManager.NoMain=false
NVIC.TIM6_DAC_IRQn=true\:0\:0\:false\:false\:true\:false\:false\:true
NVIC.SavedSvcallIrqHandlerGenerated=true
RCC.PLLSAI1RoutputFreq_Value=16000000
ProjectManager.functionlistsort=1-SystemClock_Config-RCC-false-HAL-false
ProjectManager.DefaultFWLocation=true
ProjectManager.DeletePrevious=true
RCC.VCOSAI2OutputFreq_Value=32000000
PinOutPanel.RotationAngle=0
RCC.FamilyName=M
ProjectManager.StackSize=0x400
PB3\ (JTDO-TRACESWO).Signal=SYS_JTDO-SWO
VP_FREERTOS_VS_CMSIS_V2.Mode=CMSIS_V2
PA14\ (JTCK-SWCLK).Signal=SYS_JTCK-SWCLK
Mcu.IP2=RCC
NVIC.SVCall_IRQn=true\:0\:0\:false\:false\:false\:false\:false\:false
Mcu.IP3=SYS
Mcu.IP0=FREERTOS
Mcu.IP1=NVIC
Mcu.UserConstants=
RCC.VCOSAI1OutputFreq_Value=32000000
ProjectManager.TargetToolchain=STM32CubeIDE
Mcu.ThirdPartyNb=0
Mcu.IPNb=4
ProjectManager.PreviousToolchain=
RCC.SAI2Freq_Value=4571428.571428572
ProjectManager.RegisterCallBack=
FREERTOS.IPParameters=Tasks01,FootprintOK
RCC.LSE_VALUE=32768
RCC.PLLSAI1PoutputFreq_Value=4571428.571428572
Mcu.Pin0=PA13 (JTMS-SWDIO)
Mcu.Pin1=PA14 (JTCK-SWCLK)
Mcu.Pin2=PB3 (JTDO-TRACESWO)
Mcu.Pin3=VP_FREERTOS_VS_CMSIS_V2
Mcu.Pin4=VP_SYS_VS_tim6
RCC.PLLSAI2RoutputFreq_Value=16000000
ProjectManager.ProjectBuild=false
RCC.HSE_VALUE=8000000
NVIC.UsageFault_IRQn=true\:0\:0\:false\:false\:true\:false\:false\:false
NVIC.DebugMonitor_IRQn=true\:0\:0\:false\:false\:true\:false\:false\:false
board=custom
RCC.VCOOutputFreq_Value=32000000
NVIC.SysTick_IRQn=true\:15\:0\:false\:false\:false\:true\:false\:true
ProjectManager.LastFirmware=true
ProjectManager.FirmwarePackage=STM32Cube FW_L4 V1.17.0
MxDb.Version=DB.6.0.21
VP_SYS_VS_tim6.Signal=SYS_VS_tim6
NVIC.SavedSystickIrqHandlerGenerated=true
ProjectManager.BackupPrevious=false
MxCube.Version=6.2.1
RCC.VCOInputFreq_Value=4000000
PB3\ (JTDO-TRACESWO).Mode=Trace_Asynchronous_SW
RCC.PLLSAI1QoutputFreq_Value=16000000
File.Version=6
NVIC.NonMaskableInt_IRQn=true\:0\:0\:false\:false\:true\:false\:false\:false
RCC.PLLRCLKFreq_Value=16000000
NVIC.PendSV_IRQn=true\:15\:0\:false\:false\:false\:true\:false\:false
ProjectManager.FreePins=false
RCC.IPParameters=FamilyName,HSE_VALUE,HSI_VALUE,LSCOPinFreq_Value,LSE_VALUE,LSI_VALUE,MSI_VALUE,PLLPoutputFreq_Value,PLLQoutputFreq_Value,PLLRCLKFreq_Value,PLLSAI1PoutputFreq_Value,PLLSAI1QoutputFreq_Value,PLLSAI1RoutputFreq_Value,PLLSAI2PoutputFreq_Value,PLLSAI2RoutputFreq_Value,SAI1Freq_Value,SAI2Freq_Value,VCOInputFreq_Value,VCOOutputFreq_Value,VCOSAI1OutputFreq_Value,VCOSAI2OutputFreq_Value
ProjectManager.AskForMigrate=true
Mcu.Name=STM32L476R(C-E-G)Tx
ProjectManager.HalAssertFull=false
NVIC.SavedPendsvIrqHandlerGenerated=true
ProjectManager.ProjectName=RTOS V2 Task2
ProjectManager.UnderRoot=true
VP_FREERTOS_VS_CMSIS_V2.Signal=FREERTOS_VS_CMSIS_V2
ProjectManager.CoupleFile=false
PA13\ (JTMS-SWDIO).Mode=Trace_Asynchronous_SW
Mcu.Package=LQFP64
NVIC.TimeBase=TIM6_DAC_IRQn
NVIC.ForceEnableDMAVector=true
RCC.PLLSAI2PoutputFreq_Value=4571428.571428572
KeepUserPlacement=false
NVIC.MemoryManagement_IRQn=true\:0\:0\:false\:false\:true\:false\:false\:false
ProjectManager.CompilerOptimize=6
ProjectManager.ToolChainLocation=
RCC.LSI_VALUE=32000
NVIC.TimeBaseIP=TIM6
RCC.LSCOPinFreq_Value=32000
FREERTOS.FootprintOK=true
ProjectManager.HeapSize=0x200
NVIC.HardFault_IRQn=true\:0\:0\:false\:false\:true\:false\:false\:false
ProjectManager.ComputerToolchain=false
RCC.HSI_VALUE=16000000
NVIC.PriorityGroup=NVIC_PRIORITYGROUP_4
RCC.PLLPoutputFreq_Value=4571428.571428572
NVIC.BusFault_IRQn=true\:0\:0\:false\:false\:true\:false\:false\:false
PA13\ (JTMS-SWDIO).Signal=SYS_JTMS-SWDIO
ProjectManager.CustomerFirmwarePackage=
ProjectManager.DeviceId=STM32L476RGTx
ProjectManager.LibraryCopy=1
isbadioc=false
